---
lockfileVersion: '9.0'

importers:

  .:
    configDependencies: {}
    packageManagerDependencies:
      pnpm:
        specifier: 12.10.1
        version: 12.10.1

packages:

  '@pnpm/exe.android-arm64@12.10.1':
    resolution: {integrity: sha512-CVTlHPwNvadQCJD9bGSMzWIhFX8QpjtqC2c27dhdnn/9iKzEjZ3qL62o3gHpKbIuo6qn4WxTKRoaokgNdReBig==}
    cpu: [arm64]
    os: [android]

  '@pnpm/exe.android-x64@12.10.1':
    resolution: {integrity: sha512-NFiYLIaodY7da0XIebwcU3JoP7IK/lzF7zgKSSP+9H+QcFnQ1GDfBkuBKCYJzZ+Xu0WH54neIPLBBCaOjaaauA==}
    cpu: [x64]
    os: [android]

  '@pnpm/exe.darwin-arm64@12.10.1':
    resolution: {integrity: sha512-0O8tdQ8ijlPJudXspLMTcitMkdBEz6uUflazL5uQE0WMs85oQIp0U+5hfEktMFB64QqEhjqlvvujTwbzdr9oMg==}
    cpu: [arm64]
    os: [darwin]

  '@pnpm/exe.darwin-x64@12.10.1':
    resolution: {integrity: sha512-ud+1/uZOKEo8P/AsPynOJc/LNwfI0j6WwCElibj71rU9l4nIBnsSn+wWTIPZPkZ4BBSH5+82azSnAARMyJ1lNA==}
    cpu: [x64]
    os: [darwin]

  '@pnpm/exe.freebsd-x64@12.10.1':
    resolution: {integrity: sha512-mj9PE5rf8uAfQQ2K66HSATMSut+lNiB4eSqFd5+azFVCMnxNSy/32xpZQJT21PhnN3Y4qbK+iKHe5nWAxSuRhw==}
    cpu: [x64]
    os: [freebsd]

  '@pnpm/exe.linux-arm64-musl@12.10.1':
    resolution: {integrity: sha512-xba+00wZJ8Um6rBJJjWl88uJj0tydB8dtomvjlCLvi0uL32vpa9CRP8Vv26FIXvbiZ1bo2RCzYt/eChxJVV52w==}
    cpu: [arm64]
    os: [linux]
    libc: [musl]

  '@pnpm/exe.linux-arm64@12.10.1':
    resolution: {integrity: sha512-oBdMp69ScC9UnniG4qZAQVr2fBDSXjm4yk/72vkEVyrlwS23yMxcRQl7Qdo3sgXPAygY6TWnPRKm4rXzjoyW7w==}
    cpu: [arm64]
    os: [linux]
    libc: [glibc]

  '@pnpm/exe.linux-ppc64@12.10.1':
    resolution: {integrity: sha512-Yyb3wu09h3c7mLme270uHFiVaAIUHC411Ru9LIU2BKUIstrGlXa9OqqVWoXaRgYRdFdOFknkwG7GNn6ygwLbnw==}
    cpu: [ppc64]
    os: [linux]
    libc: [glibc]

  '@pnpm/exe.linux-riscv64@12.10.1':
    resolution: {integrity: sha512-PdkeUFFkybknnGkWP0H22eMpIiS4OZXL5BcQzF4lh+vmrW3IaC2HOkbANKgot/PKO0Kl77pzA/6PKFxgbgfXIQ==}
    cpu: [riscv64]
    os: [linux]
    libc: [glibc]

  '@pnpm/exe.linux-s390x@12.10.1':
    resolution: {integrity: sha512-1okKuHKJwJPAbofDxfhZWAUxEWtee4ZSf7Pah8kcvocaJkf2WxFJ5KVTiNIvDml5GLidDQsgf7Pcf/WHbCak7Q==}
    cpu: [s390x]
    os: [linux]
    libc: [glibc]

  '@pnpm/exe.linux-x64-musl@12.10.1':
    resolution: {integrity: sha512-e6IqzVNkPa7srFKJKnY23uWJ+qz0LaRWiTUo/sHfFXRRMRzB5uNOr6qWWip/jqhdGwU91n9J7LrEYZ6e0tRczw==}
    cpu: [x64]
    os: [linux]
    libc: [musl]

  '@pnpm/exe.linux-x64@12.10.1':
    resolution: {integrity: sha512-ZByV0DRgWzGaDSjT5ddRBASdwz+r/qPMYh7o6RGmPQjtRGNFbSl94xY2DcAM8mqCOZJUUDtAXQ+wpBXcdpKlkg==}
    cpu: [x64]
    os: [linux]
    libc: [glibc]

  '@pnpm/exe.win32-arm64@12.10.1':
    resolution: {integrity: sha512-I7QZHcjioG7orFeCRUFUHByJ1G0zFPnAlaGGyrUvb6MGkv5oeNwNPl7t+Gp+7zHfnMcgLGJ1a+Wfim0IDw3lOw==}
    cpu: [arm64]
    os: [win32]

  '@pnpm/exe.win32-x64@12.10.1':
    resolution: {integrity: sha512-4WJFdp58EKlCj0zLobrXU0vpszSZIr4X/3y/uNbAQqGW0zE+VdruZB0gFc3L2kzsUzVwTYbaCn+XEhnCYSAlTg==}
    cpu: [x64]
    os: [win32]

  pnpm@12.10.1:
    resolution: {integrity: sha512-ukCjfrGjcNYP6oxM8dNkwTvMzvUY6YrSvO6VT1OdONo3RY5YJho/pV4GUjRQ6g//+fSXsTW+QfLBXBZCusrObA==}
    engines: {node: '>=18.*'}
    hasBin: true

snapshots:

  '@pnpm/exe.android-arm64@12.10.1':
    optional: true

  '@pnpm/exe.android-x64@12.10.1':
    optional: true

  '@pnpm/exe.darwin-arm64@12.10.1':
    optional: true

  '@pnpm/exe.darwin-x64@12.10.1':
    optional: true

  '@pnpm/exe.freebsd-x64@12.10.1':
    optional: true

  '@pnpm/exe.linux-arm64-musl@12.10.1':
    optional: true

  '@pnpm/exe.linux-arm64@12.10.1':
    optional: true

  '@pnpm/exe.linux-ppc64@12.10.1':
    optional: true

  '@pnpm/exe.linux-riscv64@12.10.1':
    optional: true

  '@pnpm/exe.linux-s390x@12.10.1':
    optional: true

  '@pnpm/exe.linux-x64-musl@12.10.1':
    optional: true

  '@pnpm/exe.linux-x64@12.10.1':
    optional: true

  '@pnpm/exe.win32-arm64@12.10.1':
    optional: true

  '@pnpm/exe.win32-x64@12.10.1':
    optional: true

  pnpm@12.10.1:
    optionalDependencies:
      '@pnpm/exe.android-arm64': 12.10.1
      '@pnpm/exe.android-x64': 12.10.1
      '@pnpm/exe.darwin-arm64': 12.10.1
      '@pnpm/exe.darwin-x64': 12.10.1
      '@pnpm/exe.freebsd-x64': 12.10.1
      '@pnpm/exe.linux-arm64': 12.10.1
      '@pnpm/exe.linux-arm64-musl': 12.10.1
      '@pnpm/exe.linux-ppc64': 12.10.1
      '@pnpm/exe.linux-riscv64': 12.10.1
      '@pnpm/exe.linux-s390x': 12.10.1
      '@pnpm/exe.linux-x64': 12.10.1
      '@pnpm/exe.linux-x64-musl': 12.10.1
      '@pnpm/exe.win32-arm64': 12.10.1
      '@pnpm/exe.win32-x64': 12.10.1

---
lockfileVersion: '9.0'

settings:
  autoInstallPeers: true
  excludeLinksFromLockfile: false

importers:

  .:
    dependencies:
      '@roj/tgcrypto':
        specifier: jsr:^1.0.3
        version: '@jsr/roj__tgcrypto@1.0.3'
      '@std/assert':
        specifier: jsr:^1.0.19
        version: '@jsr/std__assert@1.0.19'
      '@std/async':
        specifier: jsr:^1.5.1
        version: '@jsr/std__async@1.5.1'
      '@std/bytes':
        specifier: jsr:^1.0.6
        version: '@jsr/std__bytes@1.0.6'
      '@std/cache':
        specifier: jsr:^0.2.4
        version: '@jsr/std__cache@0.2.4'
      '@std/crypto':
        specifier: jsr:^1.1.0
        version: '@jsr/std__crypto@1.1.0'
      '@std/datetime':
        specifier: jsr:^0.225.7
        version: '@jsr/std__datetime@0.225.7'
      '@std/encoding':
        specifier: jsr:^1.0.11
        version: '@jsr/std__encoding@1.0.11'
      '@std/io':
        specifier: jsr:^0.225.3
        version: '@jsr/std__io@0.225.3'
      '@std/media-types':
        specifier: jsr:^1.1.0
        version: '@jsr/std__media-types@1.1.0'
      '@std/net':
        specifier: jsr:^1.0.7
        version: '@jsr/std__net@1.0.7'
      '@std/path':
        specifier: jsr:^1.1.6
        version: '@jsr/std__path@1.1.6'
      '@std/streams':
        specifier: jsr:^1.2.0
        version: '@jsr/std__streams@1.2.0'

packages:

  '@jsr/roj__tgcrypto@1.0.3':
    resolution: {integrity: sha512-VkfSLBzztpeh5EBwpdwUwRyzyhGMcO3w+MXnxeMNu7gOXOzRJP4PWdwJ9b+tBb0j8AD1Ev1Y7W0SPFoL/X3tVw==, tarball: https://npm.jsr.io/~/11/@jsr/roj__tgcrypto/1.0.3.tgz}

  '@jsr/std__assert@1.0.19':
    resolution: {integrity: sha512-pEj6RPkGbqlgRmyKwATp4cUs6+ijxtdrv3bq8v1d2I2CEcMEyPaO8cVKro61wGRDH4cNg8Zx6haztvK/9m7gkA==, tarball: https://npm.jsr.io/~/11/@jsr/std__assert/1.0.19.tgz}

  '@jsr/std__async@1.5.1':
    resolution: {integrity: sha512-L6CfoI0FsWWTdnR6tWej3mcRObhmz7dthGj577uLwbDXpA1jZQTnIOL2PRdqgzqHzz9Q6Y8xvfOcEUpDNp8Wkw==, tarball: https://npm.jsr.io/~/11/@jsr/std__async/1.5.1.tgz}

  '@jsr/std__bytes@1.0.6':
    resolution: {integrity: sha512-St6yKggjFGhxS52IFLJWvkchRFbAKg2Xh8UxA4S1EGz7GJ2Ui+ssDDldj/w2c8vCxvl6qgR0HaYbKeFJNqujmA==, tarball: https://npm.jsr.io/~/11/@jsr/std__bytes/1.0.6.tgz}

  '@jsr/std__cache@0.2.4':
    resolution: {integrity: sha512-sn2DvH7Nog+7A0wTwUkBS6DP+TlqnlT8e6GiaJLEmMQ9hXUe1Sf9U1PWSjEzq0Q/Z2H2lDbzvmzlmszYFsOXSw==, tarball: https://npm.jsr.io/~/11/@jsr/std__cache/0.2.4.tgz}

  '@jsr/std__crypto@1.1.0':
    resolution: {integrity: sha512-3k5X+V01YqCgIu3tuvS6saFVUn39p+Xe0ITMigwyoDDZsRMUsZcyjwxJpyL6TZF7NFI5Do7alSsHQElZQH1OJg==, tarball: https://npm.jsr.io/~/11/@jsr/std__crypto/1.1.0.tgz}

  '@jsr/std__data-structures@1.1.3':
    resolution: {integrity: sha512-crPd/DvrElv0WDxCuDIlA4PDLvBgVbo+Ry3/XgOFKQTnWTNnpi/XC4znW6awQQZ0nbJLpWoo9AYc/+CxTYfUpQ==, tarball: https://npm.jsr.io/~/11/@jsr/std__data-structures/1.1.3.tgz}

  '@jsr/std__datetime@0.225.7':
    resolution: {integrity: sha512-z1N0Ompk9zzcrwExq2uMxGAvnXDjV9W9m5Lun+OE27/Y2F+jvDWdZ766a28h+U3XKKoDq0hByYVuhOZ7pzWuhw==, tarball: https://npm.jsr.io/~/11/@jsr/std__datetime/0.225.7.tgz}

  '@jsr/std__encoding@1.0.11':
    resolution: {integrity: sha512-4SmW8WXf4x4FjkxVpxbir06QYwxw/h/2+RU5A66iKXbJC9WAYCICZkH01mcOGj8FgSitF/lSTlT585RZfo8Ukg==, tarball: https://npm.jsr.io/~/11/@jsr/std__encoding/1.0.11.tgz}

  '@jsr/std__internal@1.0.14':
    resolution: {integrity: sha512-JT8b/t40WcR9q0GDwRZUooY7aXeXnFal8iidE/5TckdAFtvpVAsaJ71/Xgf1SfoChs41s6CZkuCYM8toaNgdvA==, tarball: https://npm.jsr.io/~/11/@jsr/std__internal/1.0.14.tgz}

  '@jsr/std__io@0.225.3':
    resolution: {integrity: sha512-IDXY253ipW6FV34CJVxO+3ubfvSEEzw9N2W303KnLe9K/Y9+v/ID1dQYf9VsCCOFMpFtCmOLqzIZsRqv6yQnWw==, tarball: https://npm.jsr.io/~/11/@jsr/std__io/0.225.3.tgz}

  '@jsr/std__media-types@1.1.0':
    resolution: {integrity: sha512-dHvaxHL7ENWnltgL653uo3KnKFse3ZbopZop2gqsT7yrscx7irZEClu5Cba7gMPPRk4Lg1FbriNcaBViM2RSBw==, tarball: https://npm.jsr.io/~/11/@jsr/std__media-types/1.1.0.tgz}

  '@jsr/std__net@1.0.7':
    resolution: {integrity: sha512-f357wwHwSCYFjvAulpImH8ijkQoUws+afTIal4/gDbrtJeXhXTBG278cBMT9wejDb7Gy0aqaL8t3YV/Sx7vU8Q==, tarball: https://npm.jsr.io/~/11/@jsr/std__net/1.0.7.tgz}

  '@jsr/std__path@1.1.6':
    resolution: {integrity: sha512-H1Cmg6z8jFyIsQbVV+vZB4eOx4k6Qg8lyUM6l7nZysj5MZumg89kb0M1bsPBTGQis3fw6mJFkJELo5+AK6oCFA==, tarball: https://npm.jsr.io/~/11/@jsr/std__path/1.1.6.tgz}

  '@jsr/std__streams@1.2.0':
    resolution: {integrity: sha512-cQnU2wdP12rYRy+gGAiFarEK9YmWjVwnFMiOGIe0wMKmRLY68INH9hB/mqjKdPX/ruUhNYB70x5YRPLzUYIrbg==, tarball: https://npm.jsr.io/~/11/@jsr/std__streams/1.2.0.tgz}

snapshots:

  '@jsr/roj__tgcrypto@1.0.3': {}

  '@jsr/std__assert@1.0.19':
    dependencies:
      '@jsr/std__internal': 1.0.14

  '@jsr/std__async@1.5.1':
    dependencies:
      '@jsr/std__data-structures': 1.1.3

  '@jsr/std__bytes@1.0.6': {}

  '@jsr/std__cache@0.2.4': {}

  '@jsr/std__crypto@1.1.0': {}

  '@jsr/std__data-structures@1.1.3':
    dependencies:
      '@jsr/std__assert': 1.0.19

  '@jsr/std__datetime@0.225.7': {}

  '@jsr/std__encoding@1.0.11': {}

  '@jsr/std__internal@1.0.14': {}

  '@jsr/std__io@0.225.3':
    dependencies:
      '@jsr/std__bytes': 1.0.6

  '@jsr/std__media-types@1.1.0': {}

  '@jsr/std__net@1.0.7': {}

  '@jsr/std__path@1.1.6':
    dependencies:
      '@jsr/std__internal': 1.0.14

  '@jsr/std__streams@1.2.0':
    dependencies:
      '@jsr/std__bytes': 1.0.6
